// !$*UTF8*$!
{
	archiveVersion = 1;
	classes = {
	};
	objectVersion = 46;
	objects = {

/* Begin PBXBuildFile section */
		4A14DE9E157D3321007F17EB /* engine.cpp in Sources */ = {isa = PBXBuildFile; fileRef = 4A14DE9D157D3321007F17EB /* engine.cpp */; };
		4A20CD69159F534600D77196 /* socket.cpp in Sources */ = {isa = PBXBuildFile; fileRef = 4A20CD68159F534600D77196 /* socket.cpp */; };
		4A35A0AF157E5F03006EB744 /* libncurses.dylib in Frameworks */ = {isa = PBXBuildFile; fileRef = 4A35A0AE157E5F03006EB744 /* libncurses.dylib */; };
		4A748946158277F80048CFF8 /* main.cpp in Sources */ = {isa = PBXBuildFile; fileRef = 4A748945158277F80048CFF8 /* main.cpp */; };
		4A86877B1596835A001FF5E0 /* attack.cpp in Sources */ = {isa = PBXBuildFile; fileRef = 4A86877A1596835A001FF5E0 /* attack.cpp */; };
		4A86877F159683C6001FF5E0 /* movement.cpp in Sources */ = {isa = PBXBuildFile; fileRef = 4A86877E159683C6001FF5E0 /* movement.cpp */; };
		4A868784159684F7001FF5E0 /* filesystem.cpp in Sources */ = {isa = PBXBuildFile; fileRef = 4A868783159684F7001FF5E0 /* filesystem.cpp */; };
		4A86878715968551001FF5E0 /* user.cpp in Sources */ = {isa = PBXBuildFile; fileRef = 4A86878615968551001FF5E0 /* user.cpp */; };
/* End PBXBuildFile section */

/* Begin PBXCopyFilesBuildPhase section */
		4A14DE97157D3321007F17EB /* CopyFiles */ = {
			isa = PBXCopyFilesBuildPhase;
			buildActionMask = 2147483647;
			dstPath = /usr/share/man/man1/;
			dstSubfolderSpec = 0;
			files = (
			);
			runOnlyForDeploymentPostprocessing = 1;
		};
/* End PBXCopyFilesBuildPhase section */

/* Begin PBXFileReference section */
		4A14DE99157D3321007F17EB /* SKS3 */ = {isa = PBXFileReference; explicitFileType = "compiled.mach-o.executable"; includeInIndex = 0; path = SKS3; sourceTree = BUILT_PRODUCTS_DIR; };
		4A14DE9D157D3321007F17EB /* engine.cpp */ = {isa = PBXFileReference; lastKnownFileType = sourcecode.cpp.cpp; path = engine.cpp; sourceTree = "<group>"; };
		4A20CD66159F532A00D77196 /* socket.h */ = {isa = PBXFileReference; lastKnownFileType = sourcecode.c.h; path = socket.h; sourceTree = "<group>"; };
		4A20CD68159F534600D77196 /* socket.cpp */ = {isa = PBXFileReference; fileEncoding = 4; lastKnownFileType = sourcecode.cpp.cpp; path = socket.cpp; sourceTree = "<group>"; };
		4A35A0AE157E5F03006EB744 /* libncurses.dylib */ = {isa = PBXFileReference; lastKnownFileType = "compiled.mach-o.dylib"; name = libncurses.dylib; path = usr/lib/libncurses.dylib; sourceTree = SDKROOT; };
		4A748944158276620048CFF8 /* engine.h */ = {isa = PBXFileReference; lastKnownFileType = sourcecode.c.h; path = engine.h; sourceTree = "<group>"; };
		4A748945158277F80048CFF8 /* main.cpp */ = {isa = PBXFileReference; fileEncoding = 4; lastKnownFileType = sourcecode.cpp.cpp; path = main.cpp; sourceTree = "<group>"; };
		4A86877A1596835A001FF5E0 /* attack.cpp */ = {isa = PBXFileReference; fileEncoding = 4; lastKnownFileType = sourcecode.cpp.cpp; path = attack.cpp; sourceTree = "<group>"; };
		4A86877E159683C6001FF5E0 /* movement.cpp */ = {isa = PBXFileReference; fileEncoding = 4; lastKnownFileType = sourcecode.cpp.cpp; path = movement.cpp; sourceTree = "<group>"; };
		4A8687801596840A001FF5E0 /* attack.h */ = {isa = PBXFileReference; lastKnownFileType = sourcecode.c.h; path = attack.h; sourceTree = "<group>"; };
		4A8687811596844B001FF5E0 /* movement.h */ = {isa = PBXFileReference; lastKnownFileType = sourcecode.c.h; path = movement.h; sourceTree = "<group>"; };
		4A868782159684DA001FF5E0 /* filesystem.h */ = {isa = PBXFileReference; lastKnownFileType = sourcecode.c.h; path = filesystem.h; sourceTree = "<group>"; };
		4A868783159684F7001FF5E0 /* filesystem.cpp */ = {isa = PBXFileReference; fileEncoding = 4; lastKnownFileType = sourcecode.cpp.cpp; path = filesystem.cpp; sourceTree = "<group>"; };
		4A8687851596852C001FF5E0 /* user.h */ = {isa = PBXFileReference; lastKnownFileType = sourcecode.c.h; path = user.h; sourceTree = "<group>"; };
		4A86878615968551001FF5E0 /* user.cpp */ = {isa = PBXFileReference; fileEncoding = 4; lastKnownFileType = sourcecode.cpp.cpp; path = user.cpp; sourceTree = "<group>"; };
		4A8687881596857F001FF5E0 /* enumerations.h */ = {isa = PBXFileReference; lastKnownFileType = sourcecode.c.h; path = enumerations.h; sourceTree = "<group>"; };
		4A868789159685A0001FF5E0 /* environment.h */ = {isa = PBXFileReference; lastKnownFileType = sourcecode.c.h; path = environment.h; sourceTree = "<group>"; };
		4A86878C159686E4001FF5E0 /* main.h */ = {isa = PBXFileReference; lastKnownFileType = sourcecode.c.h; path = main.h; sourceTree = "<group>"; };
/* End PBXFileReference section */

/* Begin PBXFrameworksBuildPhase section */
		4A14DE96157D3321007F17EB /* Frameworks */ = {
			isa = PBXFrameworksBuildPhase;
			buildActionMask = 2147483647;
			files = (
				4A35A0AF157E5F03006EB744 /* libncurses.dylib in Frameworks */,
			);
			runOnlyForDeploymentPostprocessing = 0;
		};
/* End PBXFrameworksBuildPhase section */

/* Begin PBXGroup section */
		4A14DE8E157D3321007F17EB = {
			isa = PBXGroup;
			children = (
				4A35A0AE157E5F03006EB744 /* libncurses.dylib */,
				4A14DE9C157D3321007F17EB /* SKS3 */,
				4A14DE9A157D3321007F17EB /* Products */,
			);
			sourceTree = "<group>";
		};
		4A14DE9A157D3321007F17EB /* Products */ = {
			isa = PBXGroup;
			children = (
				4A14DE99157D3321007F17EB /* SKS3 */,
			);
			name = Products;
			sourceTree = "<group>";
		};
		4A14DE9C157D3321007F17EB /* SKS3 */ = {
			isa = PBXGroup;
			children = (
				4A86877D159683A9001FF5E0 /* Engine */,
				4A748945158277F80048CFF8 /* main.cpp */,
				4A86878C159686E4001FF5E0 /* main.h */,
			);
			path = SKS3;
			sourceTree = "<group>";
		};
		4A86877D159683A9001FF5E0 /* Engine */ = {
			isa = PBXGroup;
			children = (
				4A14DE9D157D3321007F17EB /* engine.cpp */,
				4A86877A1596835A001FF5E0 /* attack.cpp */,
				4A748944158276620048CFF8 /* engine.h */,
				4A20CD66159F532A00D77196 /* socket.h */,
				4A20CD68159F534600D77196 /* socket.cpp */,
				4A868789159685A0001FF5E0 /* environment.h */,
				4A8687881596857F001FF5E0 /* enumerations.h */,
				4A86877E159683C6001FF5E0 /* movement.cpp */,
				4A8687801596840A001FF5E0 /* attack.h */,
				4A8687811596844B001FF5E0 /* movement.h */,
				4A868782159684DA001FF5E0 /* filesystem.h */,
				4A868783159684F7001FF5E0 /* filesystem.cpp */,
				4A8687851596852C001FF5E0 /* user.h */,
				4A86878615968551001FF5E0 /* user.cpp */,
			);
			name = Engine;
			sourceTree = "<group>";
		};
/* End PBXGroup section */

/* Begin PBXNativeTarget section */
		4A14DE98157D3321007F17EB /* SKS3 */ = {
			isa = PBXNativeTarget;
			buildConfigurationList = 4A14DEA3157D3321007F17EB /* Build configuration list for PBXNativeTarget "SKS3" */;
			buildPhases = (
				4A14DE95157D3321007F17EB /* Sources */,
				4A14DE96157D3321007F17EB /* Frameworks */,
				4A14DE97157D3321007F17EB /* CopyFiles */,
			);
			buildRules = (
			);
			dependencies = (
			);
			name = SKS3;
			productName = SKS3;
			productReference = 4A14DE99157D3321007F17EB /* SKS3 */;
			productType = "com.apple.product-type.tool";
		};
/* End PBXNativeTarget section */

/* Begin PBXProject section */
		4A14DE90157D3321007F17EB /* Project object */ = {
			isa = PBXProject;
			attributes = {
				LastUpgradeCheck = 0430;
			};
			buildConfigurationList = 4A14DE93157D3321007F17EB /* Build configuration list for PBXProject "SKS3" */;
			compatibilityVersion = "Xcode 3.2";
			developmentRegion = English;
			hasScannedForEncodings = 0;
			knownRegions = (
				en,
			);
			mainGroup = 4A14DE8E157D3321007F17EB;
			productRefGroup = 4A14DE9A157D3321007F17EB /* Products */;
			projectDirPath = "";
			projectRoot = "";
			targets = (
				4A14DE98157D3321007F17EB /* SKS3 */,
			);
		};
/* End PBXProject section */

/* Begin PBXSourcesBuildPhase section */
		4A14DE95157D3321007F17EB /* Sources */ = {
			isa = PBXSourcesBuildPhase;
			buildActionMask = 2147483647;
			files = (
				4A14DE9E157D3321007F17EB /* engine.cpp in Sources */,
				4A748946158277F80048CFF8 /* main.cpp in Sources */,
				4A86877B1596835A001FF5E0 /* attack.cpp in Sources */,
				4A86877F159683C6001FF5E0 /* movement.cpp in Sources */,
				4A868784159684F7001FF5E0 /* filesystem.cpp in Sources */,
				4A86878715968551001FF5E0 /* user.cpp in Sources */,
				4A20CD69159F534600D77196 /* socket.cpp in Sources */,
			);
			runOnlyForDeploymentPostprocessing = 0;
		};
/* End PBXSourcesBuildPhase section */

/* Begin XCBuildConfiguration section */
		4A14DEA1157D3321007F17EB /* Debug */ = {
			isa = XCBuildConfiguration;
			buildSettings = {
				ALWAYS_SEARCH_USER_PATHS = NO;
				ARCHS = "$(ARCHS_STANDARD_64_BIT)";
				COPY_PHASE_STRIP = NO;
				GCC_C_LANGUAGE_STANDARD = gnu99;
				GCC_DYNAMIC_NO_PIC = NO;
				GCC_ENABLE_OBJC_EXCEPTIONS = YES;
				GCC_OPTIMIZATION_LEVEL = 0;
				GCC_PREPROCESSOR_DEFINITIONS = (
					"DEBUG=1",
					"$(inherited)",
				);
				GCC_SYMBOLS_PRIVATE_EXTERN = NO;
				GCC_VERSION = com.apple.compilers.llvm.clang.1_0;
				GCC_WARN_64_TO_32_BIT_CONVERSION = YES;
				GCC_WARN_ABOUT_RETURN_TYPE = YES;
				GCC_WARN_UNINITIALIZED_AUTOS = YES;
				GCC_WARN_UNUSED_VARIABLE = YES;
				MACOSX_DEPLOYMENT_TARGET = 10.7;
				ONLY_ACTIVE_ARCH = YES;
				SDKROOT = macosx;
			};
			name = Debug;
		};
		4A14DEA2157D3321007F17EB /* Release */ = {
			isa = XCBuildConfiguration;
			buildSettings = {
				ALWAYS_SEARCH_USER_PATHS = NO;
				ARCHS = "$(ARCHS_STANDARD_64_BIT)";
				COPY_PHASE_STRIP = YES;
				DEBUG_INFORMATION_FORMAT = dwarf;
				GCC_C_LANGUAGE_STANDARD = gnu99;
				GCC_ENABLE_OBJC_EXCEPTIONS = YES;
				GCC_VERSION = com.apple.compilers.llvm.clang.1_0;
				GCC_WARN_64_TO_32_BIT_CONVERSION = YES;
				GCC_WARN_ABOUT_RETURN_TYPE = YES;
				GCC_WARN_UNINITIALIZED_AUTOS = YES;
				GCC_WARN_UNUSED_VARIABLE = YES;
				MACOSX_DEPLOYMENT_TARGET = 10.7;
				SDKROOT = macosx;
			};
			name = Release;
		};
		4A14DEA4157D3321007F17EB /* Debug */ = {
			isa = XCBuildConfiguration;
			buildSettings = {
				PRODUCT_NAME = "$(TARGET_NAME)";
			};
			name = Debug;
		};
		4A14DEA5157D3321007F17EB /* Release */ = {
			isa = XCBuildConfiguration;
			buildSettings = {
				PRODUCT_NAME = "$(TARGET_NAME)";
			};
			name = Release;
		};
/* End XCBuildConfiguration section */

/* Begin XCConfigurationList section */
		4A14DE93157D3321007F17EB /* Build configuration list for PBXProject "SKS3" */ = {
			isa = XCConfigurationList;
			buildConfigurations = (
				4A14DEA1157D3321007F17EB /* Debug */,
				4A14DEA2157D3321007F17EB /* Release */,
			);
			defaultConfigurationIsVisible = 0;
			defaultConfigurationName = Release;
		};
		4A14DEA3157D3321007F17EB /* Build configuration list for PBXNativeTarget "SKS3" */ = {
			isa = XCConfigurationList;
			buildConfigurations = (
				4A14DEA4157D3321007F17EB /* Debug */,
				4A14DEA5157D3321007F17EB /* Release */,
			);
			defaultConfigurationIsVisible = 0;
			defaultConfigurationName = Release;
		};
/* End XCConfigurationList section */
	};
	rootObject = 4A14DE90157D3321007F17EB /* Project object */;
}
